{
  "requires": true,
  "lockfileVersion": 1,
  "dependencies": {
    "ansi-to-html": {
      "version": "0.7.1",
      "resolved": "https://registry.npmjs.org/ansi-to-html/-/ansi-to-html-0.7.1.tgz",
      "integrity": "sha512-PPpOy/TeLE6xERG5CNNpm1cLTIW1IeWULleeVc089paF45zfz5gzNPXeSQyxt1sUiKVIYZlY86AYx3fsMdIr5w==",
      "requires": {
        "entities": "^2.2.0"
      }
    },
    "entities": {
      "version": "2.2.0",
      "resolved": "https://registry.npmjs.org/entities/-/entities-2.2.0.tgz",
      "integrity": "sha512-p92if5Nz619I0w+akJrLZH0MX0Pb5DX39XOwQTtXSdQQOaYH03S1uIQp4mhOZtAXrxq4ViO67YTiLBo2638o9A=="
    }
  }
}
